
Microsoft Visual Studio Solution File, Format Version 12.00
# Visual Studio Version 16
VisualStudioVersion = 16.0.31702.278
MinimumVisualStudioVersion = 10.0.40219.1
Project("{FAE04EC0-301F-11D3-BF4B-00C04F79EFBC}") = "LiquidTool", "LiquidTool\LiquidTool.csproj", "{3462E8C2-00C4-4C29-9CE1-48ADCFFAFB6C}"
EndProject
Global
	GlobalSection(SolutionConfigurationPlatforms) = preSolution
		Debug|Any CPU = Debug|Any CPU
		Release|Any CPU = Release|Any CPU
	EndGlobalSection
	GlobalSection(ProjectConfigurationPlatforms) = postSolution
		{3462E8C2-00C4-4C29-9CE1-48ADCFFAFB6C}.Debug|Any CPU.ActiveCfg = Debug|Any CPU
		{3462E8C2-00C4-4C29-9CE1-48ADCFFAFB6C}.Debug|Any CPU.Build.0 = Debug|Any CPU
		{3462E8C2-00C4-4C29-9CE1-48ADCFFAFB6C}.Release|Any CPU.ActiveCfg = Release|Any CPU
		{3462E8C2-00C4-4C29-9CE1-48ADCFFAFB6C}.Release|Any CPU.Build.0 = Release|Any CPU
	EndGlobalSection
	GlobalSection(SolutionProperties) = preSolution
		HideSolutionNode = FALSE
	EndGlobalSection
	GlobalSection(ExtensibilityGlobals) = postSolution
		SolutionGuid = {ED884A07-16ED-4F28-8B51-E0DD11D0D072}
	EndGlobalSection
EndGlobal
